
Microsoft Visual Studio Solution File, Format Version 12.00
# Visual Studio Version 17
VisualStudioVersion = 17.1.32328.378
MinimumVisualStudioVersion = 10.0.40219.1
Project("{8BC9CEB8-8B4A-11D0-8D11-00A0C91BC942}") = "Library", "Library\Library.vcxproj", "{DEB80094-E762-411F-BDE0-615AA86ADC21}"
EndProject
Global
	GlobalSection(SolutionConfigurationPlatforms) = preSolution
		Debug|x64 = Debug|x64
		Debug|x86 = Debug|x86
		Release|x64 = Release|x64
		Release|x86 = Release|x86
	EndGlobalSection
	GlobalSection(ProjectConfigurationPlatforms) = postSolution
		{DEB80094-E762-411F-BDE0-615AA86ADC21}.Debug|x64.ActiveCfg = Debug|x64
		{DEB80094-E762-411F-BDE0-615AA86ADC21}.Debug|x64.Build.0 = Debug|x64
		{DEB80094-E762-411F-BDE0-615AA86ADC21}.Debug|x86.ActiveCfg = Debug|Win32
		{DEB80094-E762-411F-BDE0-615AA86ADC21}.Debug|x86.Build.0 = Debug|Win32
		{DEB80094-E762-411F-BDE0-615AA86ADC21}.Release|x64.ActiveCfg = Release|x64
		{DEB80094-E762-411F-BDE0-615AA86ADC21}.Release|x64.Build.0 = Release|x64
		{DEB80094-E762-411F-BDE0-615AA86ADC21}.Release|x86.ActiveCfg = Release|Win32
		{DEB80094-E762-411F-BDE0-615AA86ADC21}.Release|x86.Build.0 = Release|Win32
	EndGlobalSection
	GlobalSection(SolutionProperties) = preSolution
		HideSolutionNode = FALSE
	EndGlobalSection
	GlobalSection(ExtensibilityGlobals) = postSolution
		SolutionGuid = {F234FBCF-2534-4954-9926-ACD69568D060}
	EndGlobalSection
EndGlobal
